
Microsoft Visual Studio Solution File, Format Version 12.00
# Visual Studio 14
VisualStudioVersion = 14.0.25420.1
MinimumVisualStudioVersion = 10.0.40219.1
Project("{FAE04EC0-301F-11D3-BF4B-00C04F79EFBC}") = "GameFormatUtil", "GameFormatUtil\GameFormatUtil.csproj", "{5EFD601C-09A7-44CF-830A-BC685767A95E}"
EndProject
Project("{FAE04EC0-301F-11D3-BF4B-00C04F79EFBC}") = "decBYAML", "decBYAML\decBYAML.csproj", "{83AC6F79-E49A-4D30-BFEB-3F5B98D2FF38}"
EndProject
Global
	GlobalSection(SolutionConfigurationPlatforms) = preSolution
		Debug|Any CPU = Debug|Any CPU
		Release|Any CPU = Release|Any CPU
	EndGlobalSection
	GlobalSection(ProjectConfigurationPlatforms) = postSolution
		{5EFD601C-09A7-44CF-830A-BC685767A95E}.Debug|Any CPU.ActiveCfg = Release|Any CPU
		{5EFD601C-09A7-44CF-830A-BC685767A95E}.Debug|Any CPU.Build.0 = Release|Any CPU
		{5EFD601C-09A7-44CF-830A-BC685767A95E}.Release|Any CPU.ActiveCfg = Release|Any CPU
		{5EFD601C-09A7-44CF-830A-BC685767A95E}.Release|Any CPU.Build.0 = Release|Any CPU
		{83AC6F79-E49A-4D30-BFEB-3F5B98D2FF38}.Debug|Any CPU.ActiveCfg = Debug|Any CPU
		{83AC6F79-E49A-4D30-BFEB-3F5B98D2FF38}.Debug|Any CPU.Build.0 = Debug|Any CPU
		{83AC6F79-E49A-4D30-BFEB-3F5B98D2FF38}.Release|Any CPU.ActiveCfg = Release|Any CPU
		{83AC6F79-E49A-4D30-BFEB-3F5B98D2FF38}.Release|Any CPU.Build.0 = Release|Any CPU
	EndGlobalSection
	GlobalSection(SolutionProperties) = preSolution
		HideSolutionNode = FALSE
	EndGlobalSection
EndGlobal
